
Microsoft Visual Studio Solution File, Format Version 12.00
# Visual Studio Version 17
VisualStudioVersion = 17.6.33829.357
MinimumVisualStudioVersion = 10.0.40219.1
Project("{FAE04EC0-301F-11D3-BF4B-00C04F79EFBC}") = "StudentInformation", "StudentInformation.csproj", "{BED84E54-1F3D-40DF-BDC6-EF9F51FD2545}"
EndProject
Global
	GlobalSection(SolutionConfigurationPlatforms) = preSolution
		Debug|Any CPU = Debug|Any CPU
		Release|Any CPU = Release|Any CPU
	EndGlobalSection
	GlobalSection(ProjectConfigurationPlatforms) = postSolution
		{BED84E54-1F3D-40DF-BDC6-EF9F51FD2545}.Debug|Any CPU.ActiveCfg = Debug|Any CPU
		{BED84E54-1F3D-40DF-BDC6-EF9F51FD2545}.Debug|Any CPU.Build.0 = Debug|Any CPU
		{BED84E54-1F3D-40DF-BDC6-EF9F51FD2545}.Release|Any CPU.ActiveCfg = Release|Any CPU
		{BED84E54-1F3D-40DF-BDC6-EF9F51FD2545}.Release|Any CPU.Build.0 = Release|Any CPU
	EndGlobalSection
	GlobalSection(SolutionProperties) = preSolution
		HideSolutionNode = FALSE
	EndGlobalSection
	GlobalSection(ExtensibilityGlobals) = postSolution
		SolutionGuid = {7B9D4C04-34D8-45E2-A96E-8D20D7719209}
	EndGlobalSection
EndGlobal
